// !$*UTF8*$!
{
	archiveVersion = 1;
	classes = {
	};
	objectVersion = 48;
	objects = {

/* Begin PBXBuildFile section */
		2D7E12F48FCAB469C8B487CE /* Pods_eReader.framework in Frameworks */ = {isa = PBXBuildFile; fileRef = 8D4E68BFC5238D15858280E4 /* Pods_eReader.framework */; };
		A50335201FD782A500EE0D43 /* AppDelegate.m in Sources */ = {isa = PBXBuildFile; fileRef = A503351F1FD782A500EE0D43 /* AppDelegate.m */; };
		A50335281FD782A500EE0D43 /* Assets.xcassets in Resources */ = {isa = PBXBuildFile; fileRef = A50335271FD782A500EE0D43 /* Assets.xcassets */; };
		A503352B1FD782A500EE0D43 /* LaunchScreen.storyboard in Resources */ = {isa = PBXBuildFile; fileRef = A50335291FD782A500EE0D43 /* LaunchScreen.storyboard */; };
		A503352E1FD782A500EE0D43 /* main.m in Sources */ = {isa = PBXBuildFile; fileRef = A503352D1FD782A500EE0D43 /* main.m */; };
		A50335381FD782A500EE0D43 /* eReaderTests.m in Sources */ = {isa = PBXBuildFile; fileRef = A50335371FD782A500EE0D43 /* eReaderTests.m */; };
		A50335431FD782A500EE0D43 /* eReaderUITests.m in Sources */ = {isa = PBXBuildFile; fileRef = A50335421FD782A500EE0D43 /* eReaderUITests.m */; };
		A50335671FD7864B00EE0D43 /* prase in Resources */ = {isa = PBXBuildFile; fileRef = A50335661FD7864B00EE0D43 /* prase */; };
		A503356C1FD7866700EE0D43 /* LSEngine.m in Sources */ = {isa = PBXBuildFile; fileRef = A50335681FD7866600EE0D43 /* LSEngine.m */; };
		A503356D1FD7866700EE0D43 /* LSService.m in Sources */ = {isa = PBXBuildFile; fileRef = A50335691FD7866600EE0D43 /* LSService.m */; };
		A50335701FD7866E00EE0D43 /* NSString+Unit.m in Sources */ = {isa = PBXBuildFile; fileRef = A503356E1FD7866E00EE0D43 /* NSString+Unit.m */; };
		A50335741FD78A1A00EE0D43 /* LSBaseController.m in Sources */ = {isa = PBXBuildFile; fileRef = A50335721FD78A1A00EE0D43 /* LSBaseController.m */; };
		A50335751FD78A1A00EE0D43 /* LSBaseController.xib in Resources */ = {isa = PBXBuildFile; fileRef = A50335731FD78A1A00EE0D43 /* LSBaseController.xib */; };
		A50335781FD78A8800EE0D43 /* LSTabBarController.m in Sources */ = {isa = PBXBuildFile; fileRef = A50335771FD78A8800EE0D43 /* LSTabBarController.m */; };
		A503357D1FD78CA600EE0D43 /* LSBookShelfController.xib in Resources */ = {isa = PBXBuildFile; fileRef = A503357A1FD78CA500EE0D43 /* LSBookShelfController.xib */; };
		A503357E1FD78CA600EE0D43 /* LSBookShelfController.m in Sources */ = {isa = PBXBuildFile; fileRef = A503357C1FD78CA500EE0D43 /* LSBookShelfController.m */; };
/* End PBXBuildFile section */

/* Begin PBXContainerItemProxy section */
		A50335341FD782A500EE0D43 /* PBXContainerItemProxy */ = {
			isa = PBXContainerItemProxy;
			containerPortal = A50335131FD782A500EE0D43 /* Project object */;
			proxyType = 1;
			remoteGlobalIDString = A503351A1FD782A500EE0D43;
			remoteInfo = eReader;
		};
		A503353F1FD782A500EE0D43 /* PBXContainerItemProxy */ = {
			isa = PBXContainerItemProxy;
			containerPortal = A50335131FD782A500EE0D43 /* Project object */;
			proxyType = 1;
			remoteGlobalIDString = A503351A1FD782A500EE0D43;
			remoteInfo = eReader;
		};
/* End PBXContainerItemProxy section */

/* Begin PBXFileReference section */
		5B5B4360259574B5D340EA5B /* Pods-eReader.release.xcconfig */ = {isa = PBXFileReference; includeInIndex = 1; lastKnownFileType = text.xcconfig; name = "Pods-eReader.release.xcconfig"; path = "Pods/Target Support Files/Pods-eReader/Pods-eReader.release.xcconfig"; sourceTree = "<group>"; };
		7AB3B9DC565E4E6F5732E3B4 /* Pods-eReader.debug.xcconfig */ = {isa = PBXFileReference; includeInIndex = 1; lastKnownFileType = text.xcconfig; name = "Pods-eReader.debug.xcconfig"; path = "Pods/Target Support Files/Pods-eReader/Pods-eReader.debug.xcconfig"; sourceTree = "<group>"; };
		8D4E68BFC5238D15858280E4 /* Pods_eReader.framework */ = {isa = PBXFileReference; explicitFileType = wrapper.framework; includeInIndex = 0; path = Pods_eReader.framework; sourceTree = BUILT_PRODUCTS_DIR; };
		A503351B1FD782A500EE0D43 /* eReader.app */ = {isa = PBXFileReference; explicitFileType = wrapper.application; includeInIndex = 0; path = eReader.app; sourceTree = BUILT_PRODUCTS_DIR; };
		A503351E1FD782A500EE0D43 /* AppDelegate.h */ = {isa = PBXFileReference; lastKnownFileType = sourcecode.c.h; path = AppDelegate.h; sourceTree = "<group>"; };
		A503351F1FD782A500EE0D43 /* AppDelegate.m */ = {isa = PBXFileReference; lastKnownFileType = sourcecode.c.objc; path = AppDelegate.m; sourceTree = "<group>"; };
		A50335271FD782A500EE0D43 /* Assets.xcassets */ = {isa = PBXFileReference; lastKnownFileType = folder.assetcatalog; path = Assets.xcassets; sourceTree = "<group>"; };
		A503352A1FD782A500EE0D43 /* Base */ = {isa = PBXFileReference; lastKnownFileType = file.storyboard; name = Base; path = Base.lproj/LaunchScreen.storyboard; sourceTree = "<group>"; };
		A503352C1FD782A500EE0D43 /* Info.plist */ = {isa = PBXFileReference; lastKnownFileType = text.plist.xml; path = Info.plist; sourceTree = "<group>"; };
		A503352D1FD782A500EE0D43 /* main.m */ = {isa = PBXFileReference; lastKnownFileType = sourcecode.c.objc; path = main.m; sourceTree = "<group>"; };
		A50335331FD782A500EE0D43 /* eReaderTests.xctest */ = {isa = PBXFileReference; explicitFileType = wrapper.cfbundle; includeInIndex = 0; path = eReaderTests.xctest; sourceTree = BUILT_PRODUCTS_DIR; };
		A50335371FD782A500EE0D43 /* eReaderTests.m */ = {isa = PBXFileReference; lastKnownFileType = sourcecode.c.objc; path = eReaderTests.m; sourceTree = "<group>"; };
		A50335391FD782A500EE0D43 /* Info.plist */ = {isa = PBXFileReference; lastKnownFileType = text.plist.xml; path = Info.plist; sourceTree = "<group>"; };
		A503353E1FD782A500EE0D43 /* eReaderUITests.xctest */ = {isa = PBXFileReference; explicitFileType = wrapper.cfbundle; includeInIndex = 0; path = eReaderUITests.xctest; sourceTree = BUILT_PRODUCTS_DIR; };
		A50335421FD782A500EE0D43 /* eReaderUITests.m */ = {isa = PBXFileReference; lastKnownFileType = sourcecode.c.objc; path = eReaderUITests.m; sourceTree = "<group>"; };
		A50335441FD782A500EE0D43 /* Info.plist */ = {isa = PBXFileReference; lastKnownFileType = text.plist.xml; path = Info.plist; sourceTree = "<group>"; };
		A50335561FD7847B00EE0D43 /* PrefixHeader.pch */ = {isa = PBXFileReference; lastKnownFileType = sourcecode.c.h; path = PrefixHeader.pch; sourceTree = "<group>"; };
		A50335571FD7854300EE0D43 /* Interface.h */ = {isa = PBXFileReference; lastKnownFileType = sourcecode.c.h; path = Interface.h; sourceTree = "<group>"; };
		A50335581FD7854400EE0D43 /* Header.h */ = {isa = PBXFileReference; lastKnownFileType = sourcecode.c.h; path = Header.h; sourceTree = "<group>"; };
		A50335661FD7864B00EE0D43 /* prase */ = {isa = PBXFileReference; lastKnownFileType = folder; path = prase; sourceTree = "<group>"; };
		A50335681FD7866600EE0D43 /* LSEngine.m */ = {isa = PBXFileReference; fileEncoding = 4; lastKnownFileType = sourcecode.c.objc; path = LSEngine.m; sourceTree = "<group>"; };
		A50335691FD7866600EE0D43 /* LSService.m */ = {isa = PBXFileReference; fileEncoding = 4; lastKnownFileType = sourcecode.c.objc; path = LSService.m; sourceTree = "<group>"; };
		A503356A1FD7866600EE0D43 /* LSEngine.h */ = {isa = PBXFileReference; fileEncoding = 4; lastKnownFileType = sourcecode.c.h; path = LSEngine.h; sourceTree = "<group>"; };
		A503356B1FD7866600EE0D43 /* LSService.h */ = {isa = PBXFileReference; fileEncoding = 4; lastKnownFileType = sourcecode.c.h; path = LSService.h; sourceTree = "<group>"; };
		A503356E1FD7866E00EE0D43 /* NSString+Unit.m */ = {isa = PBXFileReference; fileEncoding = 4; lastKnownFileType = sourcecode.c.objc; path = "NSString+Unit.m"; sourceTree = "<group>"; };
		A503356F1FD7866E00EE0D43 /* NSString+Unit.h */ = {isa = PBXFileReference; fileEncoding = 4; lastKnownFileType = sourcecode.c.h; path = "NSString+Unit.h"; sourceTree = "<group>"; };
		A50335711FD78A1A00EE0D43 /* LSBaseController.h */ = {isa = PBXFileReference; lastKnownFileType = sourcecode.c.h; path = LSBaseController.h; sourceTree = "<group>"; };
		A50335721FD78A1A00EE0D43 /* LSBaseController.m */ = {isa = PBXFileReference; lastKnownFileType = sourcecode.c.objc; path = LSBaseController.m; sourceTree = "<group>"; };
		A50335731FD78A1A00EE0D43 /* LSBaseController.xib */ = {isa = PBXFileReference; lastKnownFileType = file.xib; path = LSBaseController.xib; sourceTree = "<group>"; };
		A50335761FD78A8800EE0D43 /* LSTabBarController.h */ = {isa = PBXFileReference; lastKnownFileType = sourcecode.c.h; path = LSTabBarController.h; sourceTree = "<group>"; };
		A50335771FD78A8800EE0D43 /* LSTabBarController.m */ = {isa = PBXFileReference; lastKnownFileType = sourcecode.c.objc; path = LSTabBarController.m; sourceTree = "<group>"; };
		A503357A1FD78CA500EE0D43 /* LSBookShelfController.xib */ = {isa = PBXFileReference; fileEncoding = 4; lastKnownFileType = file.xib; path = LSBookShelfController.xib; sourceTree = "<group>"; };
		A503357B1FD78CA500EE0D43 /* LSBookShelfController.h */ = {isa = PBXFileReference; fileEncoding = 4; lastKnownFileType = sourcecode.c.h; path = LSBookShelfController.h; sourceTree = "<group>"; };
		A503357C1FD78CA500EE0D43 /* LSBookShelfController.m */ = {isa = PBXFileReference; fileEncoding = 4; lastKnownFileType = sourcecode.c.objc; path = LSBookShelfController.m; sourceTree = "<group>"; };
/* End PBXFileReference section */

/* Begin PBXFrameworksBuildPhase section */
		A50335181FD782A500EE0D43 /* Frameworks */ = {
			isa = PBXFrameworksBuildPhase;
			buildActionMask = 2147483647;
			files = (
				2D7E12F48FCAB469C8B487CE /* Pods_eReader.framework in Frameworks */,
			);
			runOnlyForDeploymentPostprocessing = 0;
		};
		A50335301FD782A500EE0D43 /* Frameworks */ = {
			isa = PBXFrameworksBuildPhase;
			buildActionMask = 2147483647;
			files = (
			);
			runOnlyForDeploymentPostprocessing = 0;
		};
		A503353B1FD782A500EE0D43 /* Frameworks */ = {
			isa = PBXFrameworksBuildPhase;
			buildActionMask = 2147483647;
			files = (
			);
			runOnlyForDeploymentPostprocessing = 0;
		};
/* End PBXFrameworksBuildPhase section */

/* Begin PBXGroup section */
		9C0EEB6E5FCEC7505E76ED42 /* Frameworks */ = {
			isa = PBXGroup;
			children = (
				8D4E68BFC5238D15858280E4 /* Pods_eReader.framework */,
			);
			name = Frameworks;
			sourceTree = "<group>";
		};
		A50335121FD782A500EE0D43 = {
			isa = PBXGroup;
			children = (
				A503351D1FD782A500EE0D43 /* eReader */,
				A50335361FD782A500EE0D43 /* eReaderTests */,
				A50335411FD782A500EE0D43 /* eReaderUITests */,
				A503351C1FD782A500EE0D43 /* Products */,
				A526920CDF61117A55DAA7B7 /* Pods */,
				9C0EEB6E5FCEC7505E76ED42 /* Frameworks */,
			);
			sourceTree = "<group>";
		};
		A503351C1FD782A500EE0D43 /* Products */ = {
			isa = PBXGroup;
			children = (
				A503351B1FD782A500EE0D43 /* eReader.app */,
				A50335331FD782A500EE0D43 /* eReaderTests.xctest */,
				A503353E1FD782A500EE0D43 /* eReaderUITests.xctest */,
			);
			name = Products;
			sourceTree = "<group>";
		};
		A503351D1FD782A500EE0D43 /* eReader */ = {
			isa = PBXGroup;
			children = (
				A503351E1FD782A500EE0D43 /* AppDelegate.h */,
				A503351F1FD782A500EE0D43 /* AppDelegate.m */,
				A50335501FD7830400EE0D43 /* BaseView */,
				A50335541FD7834F00EE0D43 /* Config */,
				A50335521FD7833600EE0D43 /* Modules */,
				A50335551FD7839600EE0D43 /* Service */,
				A50335531FD7834400EE0D43 /* Import */,
				A50335511FD7831300EE0D43 /* Unit */,
				A50335591FD7863100EE0D43 /* Src */,
				A50335271FD782A500EE0D43 /* Assets.xcassets */,
				A50335291FD782A500EE0D43 /* LaunchScreen.storyboard */,
				A503352C1FD782A500EE0D43 /* Info.plist */,
				A503352D1FD782A500EE0D43 /* main.m */,
			);
			path = eReader;
			sourceTree = "<group>";
		};
		A50335361FD782A500EE0D43 /* eReaderTests */ = {
			isa = PBXGroup;
			children = (
				A50335371FD782A500EE0D43 /* eReaderTests.m */,
				A50335391FD782A500EE0D43 /* Info.plist */,
			);
			path = eReaderTests;
			sourceTree = "<group>";
		};
		A50335411FD782A500EE0D43 /* eReaderUITests */ = {
			isa = PBXGroup;
			children = (
				A50335421FD782A500EE0D43 /* eReaderUITests.m */,
				A50335441FD782A500EE0D43 /* Info.plist */,
			);
			path = eReaderUITests;
			sourceTree = "<group>";
		};
		A50335501FD7830400EE0D43 /* BaseView */ = {
			isa = PBXGroup;
			children = (
				A50335761FD78A8800EE0D43 /* LSTabBarController.h */,
				A50335771FD78A8800EE0D43 /* LSTabBarController.m */,
				A50335711FD78A1A00EE0D43 /* LSBaseController.h */,
				A50335721FD78A1A00EE0D43 /* LSBaseController.m */,
				A50335731FD78A1A00EE0D43 /* LSBaseController.xib */,
			);
			path = BaseView;
			sourceTree = "<group>";
		};
		A50335511FD7831300EE0D43 /* Unit */ = {
			isa = PBXGroup;
			children = (
				A503356F1FD7866E00EE0D43 /* NSString+Unit.h */,
				A503356E1FD7866E00EE0D43 /* NSString+Unit.m */,
			);
			path = Unit;
			sourceTree = "<group>";
		};
		A50335521FD7833600EE0D43 /* Modules */ = {
			isa = PBXGroup;
			children = (
				A50335791FD78C7200EE0D43 /* BookSelf */,
			);
			path = Modules;
			sourceTree = "<group>";
		};
		A50335531FD7834400EE0D43 /* Import */ = {
			isa = PBXGroup;
			children = (
			);
			path = Import;
			sourceTree = "<group>";
		};
		A50335541FD7834F00EE0D43 /* Config */ = {
			isa = PBXGroup;
			children = (
				A50335581FD7854400EE0D43 /* Header.h */,
				A50335571FD7854300EE0D43 /* Interface.h */,
				A50335561FD7847B00EE0D43 /* PrefixHeader.pch */,
			);
			path = Config;
			sourceTree = "<group>";
		};
		A50335551FD7839600EE0D43 /* Service */ = {
			isa = PBXGroup;
			children = (
				A503356B1FD7866600EE0D43 /* LSService.h */,
				A50335691FD7866600EE0D43 /* LSService.m */,
				A503356A1FD7866600EE0D43 /* LSEngine.h */,
				A50335681FD7866600EE0D43 /* LSEngine.m */,
			);
			path = Service;
			sourceTree = "<group>";
		};
		A50335591FD7863100EE0D43 /* Src */ = {
			isa = PBXGroup;
			children = (
				A50335661FD7864B00EE0D43 /* prase */,
			);
			path = Src;
			sourceTree = "<group>";
		};
		A50335791FD78C7200EE0D43 /* BookSelf */ = {
			isa = PBXGroup;
			children = (
				A503357B1FD78CA500EE0D43 /* LSBookShelfController.h */,
				A503357C1FD78CA500EE0D43 /* LSBookShelfController.m */,
				A503357A1FD78CA500EE0D43 /* LSBookShelfController.xib */,
			);
			path = BookSelf;
			sourceTree = "<group>";
		};
		A526920CDF61117A55DAA7B7 /* Pods */ = {
			isa = PBXGroup;
			children = (
				7AB3B9DC565E4E6F5732E3B4 /* Pods-eReader.debug.xcconfig */,
				5B5B4360259574B5D340EA5B /* Pods-eReader.release.xcconfig */,
			);
			name = Pods;
			sourceTree = "<group>";
		};
/* End PBXGroup section */

/* Begin PBXNativeTarget section */
		A503351A1FD782A500EE0D43 /* eReader */ = {
			isa = PBXNativeTarget;
			buildConfigurationList = A50335471FD782A500EE0D43 /* Build configuration list for PBXNativeTarget "eReader" */;
			buildPhases = (
				DD2B9BE04F2B462797D10554 /* [CP] Check Pods Manifest.lock */,
				A50335171FD782A500EE0D43 /* Sources */,
				A50335181FD782A500EE0D43 /* Frameworks */,
				A50335191FD782A500EE0D43 /* Resources */,
				48F56A4DC22020E2563DB8CD /* [CP] Embed Pods Frameworks */,
				3D5C8F9FC85731BDEAE62AA1 /* [CP] Copy Pods Resources */,
			);
			buildRules = (
			);
			dependencies = (
			);
			name = eReader;
			productName = eReader;
			productReference = A503351B1FD782A500EE0D43 /* eReader.app */;
			productType = "com.apple.product-type.application";
		};
		A50335321FD782A500EE0D43 /* eReaderTests */ = {
			isa = PBXNativeTarget;
			buildConfigurationList = A503354A1FD782A500EE0D43 /* Build configuration list for PBXNativeTarget "eReaderTests" */;
			buildPhases = (
				A503352F1FD782A500EE0D43 /* Sources */,
				A50335301FD782A500EE0D43 /* Frameworks */,
				A50335311FD782A500EE0D43 /* Resources */,
			);
			buildRules = (
			);
			dependencies = (
				A50335351FD782A500EE0D43 /* PBXTargetDependency */,
			);
			name = eReaderTests;
			productName = eReaderTests;
			productReference = A50335331FD782A500EE0D43 /* eReaderTests.xctest */;
			productType = "com.apple.product-type.bundle.unit-test";
		};
		A503353D1FD782A500EE0D43 /* eReaderUITests */ = {
			isa = PBXNativeTarget;
			buildConfigurationList = A503354D1FD782A500EE0D43 /* Build configuration list for PBXNativeTarget "eReaderUITests" */;
			buildPhases = (
				A503353A1FD782A500EE0D43 /* Sources */,
				A503353B1FD782A500EE0D43 /* Frameworks */,
				A503353C1FD782A500EE0D43 /* Resources */,
			);
			buildRules = (
			);
			dependencies = (
				A50335401FD782A500EE0D43 /* PBXTargetDependency */,
			);
			name = eReaderUITests;
			productName = eReaderUITests;
			productReference = A503353E1FD782A500EE0D43 /* eReaderUITests.xctest */;
			productType = "com.apple.product-type.bundle.ui-testing";
		};
/* End PBXNativeTarget section */

/* Begin PBXProject section */
		A50335131FD782A500EE0D43 /* Project object */ = {
			isa = PBXProject;
			attributes = {
				LastUpgradeCheck = 0910;
				ORGANIZATIONNAME = guanqun;
				TargetAttributes = {
					A503351A1FD782A500EE0D43 = {
						CreatedOnToolsVersion = 9.1;
						ProvisioningStyle = Automatic;
					};
					A50335321FD782A500EE0D43 = {
						CreatedOnToolsVersion = 9.1;
						ProvisioningStyle = Automatic;
						TestTargetID = A503351A1FD782A500EE0D43;
					};
					A503353D1FD782A500EE0D43 = {
						CreatedOnToolsVersion = 9.1;
						ProvisioningStyle = Automatic;
						TestTargetID = A503351A1FD782A500EE0D43;
					};
				};
			};
			buildConfigurationList = A50335161FD782A500EE0D43 /* Build configuration list for PBXProject "eReader" */;
			compatibilityVersion = "Xcode 8.0";
			developmentRegion = en;
			hasScannedForEncodings = 0;
			knownRegions = (
				en,
				Base,
			);
			mainGroup = A50335121FD782A500EE0D43;
			productRefGroup = A503351C1FD782A500EE0D43 /* Products */;
			projectDirPath = "";
			projectRoot = "";
			targets = (
				A503351A1FD782A500EE0D43 /* eReader */,
				A50335321FD782A500EE0D43 /* eReaderTests */,
				A503353D1FD782A500EE0D43 /* eReaderUITests */,
			);
		};
/* End PBXProject section */

/* Begin PBXResourcesBuildPhase section */
		A50335191FD782A500EE0D43 /* Resources */ = {
			isa = PBXResourcesBuildPhase;
			buildActionMask = 2147483647;
			files = (
				A50335671FD7864B00EE0D43 /* prase in Resources */,
				A503352B1FD782A500EE0D43 /* LaunchScreen.storyboard in Resources */,
				A50335281FD782A500EE0D43 /* Assets.xcassets in Resources */,
				A503357D1FD78CA600EE0D43 /* LSBookShelfController.xib in Resources */,
				A50335751FD78A1A00EE0D43 /* LSBaseController.xib in Resources */,
			);
			runOnlyForDeploymentPostprocessing = 0;
		};
		A50335311FD782A500EE0D43 /* Resources */ = {
			isa = PBXResourcesBuildPhase;
			buildActionMask = 2147483647;
			files = (
			);
			runOnlyForDeploymentPostprocessing = 0;
		};
		A503353C1FD782A500EE0D43 /* Resources */ = {
			isa = PBXResourcesBuildPhase;
			buildActionMask = 2147483647;
			files = (
			);
			runOnlyForDeploymentPostprocessing = 0;
		};
/* End PBXResourcesBuildPhase section */

/* Begin PBXShellScriptBuildPhase section */
		3D5C8F9FC85731BDEAE62AA1 /* [CP] Copy Pods Resources */ = {
			isa = PBXShellScriptBuildPhase;
			buildActionMask = 2147483647;
			files = (
			);
			inputPaths = (
			);
			name = "[CP] Copy Pods Resources";
			outputPaths = (
			);
			runOnlyForDeploymentPostprocessing = 0;
			shellPath = /bin/sh;
			shellScript = "\"${SRCROOT}/Pods/Target Support Files/Pods-eReader/Pods-eReader-resources.sh\"\n";
			showEnvVarsInLog = 0;
		};
		48F56A4DC22020E2563DB8CD /* [CP] Embed Pods Frameworks */ = {
			isa = PBXShellScriptBuildPhase;
			buildActionMask = 2147483647;
			files = (
			);
			inputPaths = (
				"${SRCROOT}/Pods/Target Support Files/Pods-eReader/Pods-eReader-frameworks.sh",
				"${BUILT_PRODUCTS_DIR}/AFNetworking/AFNetworking.framework",
				"${BUILT_PRODUCTS_DIR}/IQKeyboardManager/IQKeyboardManager.framework",
				"${BUILT_PRODUCTS_DIR}/MJRefresh/MJRefresh.framework",
			);
			name = "[CP] Embed Pods Frameworks";
			outputPaths = (
				"${TARGET_BUILD_DIR}/${FRAMEWORKS_FOLDER_PATH}/AFNetworking.framework",
				"${TARGET_BUILD_DIR}/${FRAMEWORKS_FOLDER_PATH}/IQKeyboardManager.framework",
				"${TARGET_BUILD_DIR}/${FRAMEWORKS_FOLDER_PATH}/MJRefresh.framework",
			);
			runOnlyForDeploymentPostprocessing = 0;
			shellPath = /bin/sh;
			shellScript = "\"${SRCROOT}/Pods/Target Support Files/Pods-eReader/Pods-eReader-frameworks.sh\"\n";
			showEnvVarsInLog = 0;
		};
		DD2B9BE04F2B462797D10554 /* [CP] Check Pods Manifest.lock */ = {
			isa = PBXShellScriptBuildPhase;
			buildActionMask = 2147483647;
			files = (
			);
			inputPaths = (
				"${PODS_PODFILE_DIR_PATH}/Podfile.lock",
				"${PODS_ROOT}/Manifest.lock",
			);
			name = "[CP] Check Pods Manifest.lock";
			outputPaths = (
				"$(DERIVED_FILE_DIR)/Pods-eReader-checkManifestLockResult.txt",
			);
			runOnlyForDeploymentPostprocessing = 0;
			shellPath = /bin/sh;
			shellScript = "diff \"${PODS_PODFILE_DIR_PATH}/Podfile.lock\" \"${PODS_ROOT}/Manifest.lock\" > /dev/null\nif [ $? != 0 ] ; then\n    # print error to STDERR\n    echo \"error: The sandbox is not in sync with the Podfile.lock. Run 'pod install' or update your CocoaPods installation.\" >&2\n    exit 1\nfi\n# This output is used by Xcode 'outputs' to avoid re-running this script phase.\necho \"SUCCESS\" > \"${SCRIPT_OUTPUT_FILE_0}\"\n";
			showEnvVarsInLog = 0;
		};
/* End PBXShellScriptBuildPhase section */

/* Begin PBXSourcesBuildPhase section */
		A50335171FD782A500EE0D43 /* Sources */ = {
			isa = PBXSourcesBuildPhase;
			buildActionMask = 2147483647;
			files = (
				A503356C1FD7866700EE0D43 /* LSEngine.m in Sources */,
				A50335741FD78A1A00EE0D43 /* LSBaseController.m in Sources */,
				A503357E1FD78CA600EE0D43 /* LSBookShelfController.m in Sources */,
				A50335701FD7866E00EE0D43 /* NSString+Unit.m in Sources */,
				A50335781FD78A8800EE0D43 /* LSTabBarController.m in Sources */,
				A503352E1FD782A500EE0D43 /* main.m in Sources */,
				A503356D1FD7866700EE0D43 /* LSService.m in Sources */,
				A50335201FD782A500EE0D43 /* AppDelegate.m in Sources */,
			);
			runOnlyForDeploymentPostprocessing = 0;
		};
		A503352F1FD782A500EE0D43 /* Sources */ = {
			isa = PBXSourcesBuildPhase;
			buildActionMask = 2147483647;
			files = (
				A50335381FD782A500EE0D43 /* eReaderTests.m in Sources */,
			);
			runOnlyForDeploymentPostprocessing = 0;
		};
		A503353A1FD782A500EE0D43 /* Sources */ = {
			isa = PBXSourcesBuildPhase;
			buildActionMask = 2147483647;
			files = (
				A50335431FD782A500EE0D43 /* eReaderUITests.m in Sources */,
			);
			runOnlyForDeploymentPostprocessing = 0;
		};
/* End PBXSourcesBuildPhase section */

/* Begin PBXTargetDependency section */
		A50335351FD782A500EE0D43 /* PBXTargetDependency */ = {
			isa = PBXTargetDependency;
			target = A503351A1FD782A500EE0D43 /* eReader */;
			targetProxy = A50335341FD782A500EE0D43 /* PBXContainerItemProxy */;
		};
		A50335401FD782A500EE0D43 /* PBXTargetDependency */ = {
			isa = PBXTargetDependency;
			target = A503351A1FD782A500EE0D43 /* eReader */;
			targetProxy = A503353F1FD782A500EE0D43 /* PBXContainerItemProxy */;
		};
/* End PBXTargetDependency section */

/* Begin PBXVariantGroup section */
		A50335291FD782A500EE0D43 /* LaunchScreen.storyboard */ = {
			isa = PBXVariantGroup;
			children = (
				A503352A1FD782A500EE0D43 /* Base */,
			);
			name = LaunchScreen.storyboard;
			sourceTree = "<group>";
		};
/* End PBXVariantGroup section */

/* Begin XCBuildConfiguration section */
		A50335451FD782A500EE0D43 /* Debug */ = {
			isa = XCBuildConfiguration;
			buildSettings = {
				ALWAYS_SEARCH_USER_PATHS = NO;
				CLANG_ANALYZER_NONNULL = YES;
				CLANG_ANALYZER_NUMBER_OBJECT_CONVERSION = YES_AGGRESSIVE;
				CLANG_CXX_LANGUAGE_STANDARD = "gnu++14";
				CLANG_CXX_LIBRARY = "libc++";
				CLANG_ENABLE_MODULES = YES;
				CLANG_ENABLE_OBJC_ARC = YES;
				CLANG_WARN_BLOCK_CAPTURE_AUTORELEASING = YES;
				CLANG_WARN_BOOL_CONVERSION = YES;
				CLANG_WARN_COMMA = YES;
				CLANG_WARN_CONSTANT_CONVERSION = YES;
				CLANG_WARN_DIRECT_OBJC_ISA_USAGE = YES_ERROR;
				CLANG_WARN_DOCUMENTATION_COMMENTS = YES;
				CLANG_WARN_EMPTY_BODY = YES;
				CLANG_WARN_ENUM_CONVERSION = YES;
				CLANG_WARN_INFINITE_RECURSION = YES;
				CLANG_WARN_INT_CONVERSION = YES;
				CLANG_WARN_NON_LITERAL_NULL_CONVERSION = YES;
				CLANG_WARN_OBJC_LITERAL_CONVERSION = YES;
				CLANG_WARN_OBJC_ROOT_CLASS = YES_ERROR;
				CLANG_WARN_RANGE_LOOP_ANALYSIS = YES;
				CLANG_WARN_STRICT_PROTOTYPES = YES;
				CLANG_WARN_SUSPICIOUS_MOVE = YES;
				CLANG_WARN_UNGUARDED_AVAILABILITY = YES_AGGRESSIVE;
				CLANG_WARN_UNREACHABLE_CODE = YES;
				CLANG_WARN__DUPLICATE_METHOD_MATCH = YES;
				CODE_SIGN_IDENTITY = "iPhone Developer";
				COPY_PHASE_STRIP = NO;
				DEBUG_INFORMATION_FORMAT = dwarf;
				ENABLE_STRICT_OBJC_MSGSEND = YES;
				ENABLE_TESTABILITY = YES;
				GCC_C_LANGUAGE_STANDARD = gnu11;
				GCC_DYNAMIC_NO_PIC = NO;
				GCC_NO_COMMON_BLOCKS = YES;
				GCC_OPTIMIZATION_LEVEL = 0;
				GCC_PREPROCESSOR_DEFINITIONS = (
					"DEBUG=1",
					"$(inherited)",
				);
				GCC_WARN_64_TO_32_BIT_CONVERSION = YES;
				GCC_WARN_ABOUT_RETURN_TYPE = YES_ERROR;
				GCC_WARN_UNDECLARED_SELECTOR = YES;
				GCC_WARN_UNINITIALIZED_AUTOS = YES_AGGRESSIVE;
				GCC_WARN_UNUSED_FUNCTION = YES;
				GCC_WARN_UNUSED_VARIABLE = YES;
				IPHONEOS_DEPLOYMENT_TARGET = 11.1;
				MTL_ENABLE_DEBUG_INFO = YES;
				ONLY_ACTIVE_ARCH = YES;
				SDKROOT = iphoneos;
			};
			name = Debug;
		};
		A50335461FD782A500EE0D43 /* Release */ = {
			isa = XCBuildConfiguration;
			buildSettings = {
				ALWAYS_SEARCH_USER_PATHS = NO;
				CLANG_ANALYZER_NONNULL = YES;
				CLANG_ANALYZER_NUMBER_OBJECT_CONVERSION = YES_AGGRESSIVE;
				CLANG_CXX_LANGUAGE_STANDARD = "gnu++14";
				CLANG_CXX_LIBRARY = "libc++";
				CLANG_ENABLE_MODULES = YES;
				CLANG_ENABLE_OBJC_ARC = YES;
				CLANG_WARN_BLOCK_CAPTURE_AUTORELEASING = YES;
				CLANG_WARN_BOOL_CONVERSION = YES;
				CLANG_WARN_COMMA = YES;
				CLANG_WARN_CONSTANT_CONVERSION = YES;
				CLANG_WARN_DIRECT_OBJC_ISA_USAGE = YES_ERROR;
				CLANG_WARN_DOCUMENTATION_COMMENTS = YES;
				CLANG_WARN_EMPTY_BODY = YES;
				CLANG_WARN_ENUM_CONVERSION = YES;
				CLANG_WARN_INFINITE_RECURSION = YES;
				CLANG_WARN_INT_CONVERSION = YES;
				CLANG_WARN_NON_LITERAL_NULL_CONVERSION = YES;
				CLANG_WARN_OBJC_LITERAL_CONVERSION = YES;
				CLANG_WARN_OBJC_ROOT_CLASS = YES_ERROR;
				CLANG_WARN_RANGE_LOOP_ANALYSIS = YES;
				CLANG_WARN_STRICT_PROTOTYPES = YES;
				CLANG_WARN_SUSPICIOUS_MOVE = YES;
				CLANG_WARN_UNGUARDED_AVAILABILITY = YES_AGGRESSIVE;
				CLANG_WARN_UNREACHABLE_CODE = YES;
				CLANG_WARN__DUPLICATE_METHOD_MATCH = YES;
				CODE_SIGN_IDENTITY = "iPhone Developer";
				COPY_PHASE_STRIP = NO;
				DEBUG_INFORMATION_FORMAT = "dwarf-with-dsym";
				ENABLE_NS_ASSERTIONS = NO;
				ENABLE_STRICT_OBJC_MSGSEND = YES;
				GCC_C_LANGUAGE_STANDARD = gnu11;
				GCC_NO_COMMON_BLOCKS = YES;
				GCC_WARN_64_TO_32_BIT_CONVERSION = YES;
				GCC_WARN_ABOUT_RETURN_TYPE = YES_ERROR;
				GCC_WARN_UNDECLARED_SELECTOR = YES;
				GCC_WARN_UNINITIALIZED_AUTOS = YES_AGGRESSIVE;
				GCC_WARN_UNUSED_FUNCTION = YES;
				GCC_WARN_UNUSED_VARIABLE = YES;
				IPHONEOS_DEPLOYMENT_TARGET = 11.1;
				MTL_ENABLE_DEBUG_INFO = NO;
				SDKROOT = iphoneos;
				VALIDATE_PRODUCT = YES;
			};
			name = Release;
		};
		A50335481FD782A500EE0D43 /* Debug */ = {
			isa = XCBuildConfiguration;
			baseConfigurationReference = 7AB3B9DC565E4E6F5732E3B4 /* Pods-eReader.debug.xcconfig */;
			buildSettings = {
				ASSETCATALOG_COMPILER_APPICON_NAME = AppIcon;
				CODE_SIGN_STYLE = Automatic;
				DEVELOPMENT_TEAM = 4P5HC62PN9;
				GCC_PREFIX_HEADER = "$(SRCROOT)/eReader/Config/PrefixHeader.pch";
				INFOPLIST_FILE = eReader/Info.plist;
				LD_RUNPATH_SEARCH_PATHS = "$(inherited) @executable_path/Frameworks";
				PRODUCT_BUNDLE_IDENTIFIER = com.gqhmt.bitstart.eReader;
				PRODUCT_NAME = "$(TARGET_NAME)";
				TARGETED_DEVICE_FAMILY = "1,2";
			};
			name = Debug;
		};
		A50335491FD782A500EE0D43 /* Release */ = {
			isa = XCBuildConfiguration;
			baseConfigurationReference = 5B5B4360259574B5D340EA5B /* Pods-eReader.release.xcconfig */;
			buildSettings = {
				ASSETCATALOG_COMPILER_APPICON_NAME = AppIcon;
				CODE_SIGN_STYLE = Automatic;
				DEVELOPMENT_TEAM = 4P5HC62PN9;
				GCC_PREFIX_HEADER = "$(SRCROOT)/eReader/Config/PrefixHeader.pch";
				INFOPLIST_FILE = eReader/Info.plist;
				LD_RUNPATH_SEARCH_PATHS = "$(inherited) @executable_path/Frameworks";
				PRODUCT_BUNDLE_IDENTIFIER = com.gqhmt.bitstart.eReader;
				PRODUCT_NAME = "$(TARGET_NAME)";
				TARGETED_DEVICE_FAMILY = "1,2";
			};
			name = Release;
		};
		A503354B1FD782A500EE0D43 /* Debug */ = {
			isa = XCBuildConfiguration;
			buildSettings = {
				BUNDLE_LOADER = "$(TEST_HOST)";
				CODE_SIGN_STYLE = Automatic;
				DEVELOPMENT_TEAM = 4P5HC62PN9;
				INFOPLIST_FILE = eReaderTests/Info.plist;
				LD_RUNPATH_SEARCH_PATHS = "$(inherited) @executable_path/Frameworks @loader_path/Frameworks";
				PRODUCT_BUNDLE_IDENTIFIER = com.gqhmt.bitstart.eReaderTests;
				PRODUCT_NAME = "$(TARGET_NAME)";
				TARGETED_DEVICE_FAMILY = "1,2";
				TEST_HOST = "$(BUILT_PRODUCTS_DIR)/eReader.app/eReader";
			};
			name = Debug;
		};
		A503354C1FD782A500EE0D43 /* Release */ = {
			isa = XCBuildConfiguration;
			buildSettings = {
				BUNDLE_LOADER = "$(TEST_HOST)";
				CODE_SIGN_STYLE = Automatic;
				DEVELOPMENT_TEAM = 4P5HC62PN9;
				INFOPLIST_FILE = eReaderTests/Info.plist;
				LD_RUNPATH_SEARCH_PATHS = "$(inherited) @executable_path/Frameworks @loader_path/Frameworks";
				PRODUCT_BUNDLE_IDENTIFIER = com.gqhmt.bitstart.eReaderTests;
				PRODUCT_NAME = "$(TARGET_NAME)";
				TARGETED_DEVICE_FAMILY = "1,2";
				TEST_HOST = "$(BUILT_PRODUCTS_DIR)/eReader.app/eReader";
			};
			name = Release;
		};
		A503354E1FD782A500EE0D43 /* Debug */ = {
			isa = XCBuildConfiguration;
			buildSettings = {
				CODE_SIGN_STYLE = Automatic;
				DEVELOPMENT_TEAM = 4P5HC62PN9;
				INFOPLIST_FILE = eReaderUITests/Info.plist;
				LD_RUNPATH_SEARCH_PATHS = "$(inherited) @executable_path/Frameworks @loader_path/Frameworks";
				PRODUCT_BUNDLE_IDENTIFIER = com.gqhmt.bitstart.eReaderUITests;
				PRODUCT_NAME = "$(TARGET_NAME)";
				TARGETED_DEVICE_FAMILY = "1,2";
				TEST_TARGET_NAME = eReader;
			};
			name = Debug;
		};
		A503354F1FD782A500EE0D43 /* Release */ = {
			isa = XCBuildConfiguration;
			buildSettings = {
				CODE_SIGN_STYLE = Automatic;
				DEVELOPMENT_TEAM = 4P5HC62PN9;
				INFOPLIST_FILE = eReaderUITests/Info.plist;
				LD_RUNPATH_SEARCH_PATHS = "$(inherited) @executable_path/Frameworks @loader_path/Frameworks";
				PRODUCT_BUNDLE_IDENTIFIER = com.gqhmt.bitstart.eReaderUITests;
				PRODUCT_NAME = "$(TARGET_NAME)";
				TARGETED_DEVICE_FAMILY = "1,2";
				TEST_TARGET_NAME = eReader;
			};
			name = Release;
		};
/* End XCBuildConfiguration section */

/* Begin XCConfigurationList section */
		A50335161FD782A500EE0D43 /* Build configuration list for PBXProject "eReader" */ = {
			isa = XCConfigurationList;
			buildConfigurations = (
				A50335451FD782A500EE0D43 /* Debug */,
				A50335461FD782A500EE0D43 /* Release */,
			);
			defaultConfigurationIsVisible = 0;
			defaultConfigurationName = Release;
		};
		A50335471FD782A500EE0D43 /* Build configuration list for PBXNativeTarget "eReader" */ = {
			isa = XCConfigurationList;
			buildConfigurations = (
				A50335481FD782A500EE0D43 /* Debug */,
				A50335491FD782A500EE0D43 /* Release */,
			);
			defaultConfigurationIsVisible = 0;
			defaultConfigurationName = Release;
		};
		A503354A1FD782A500EE0D43 /* Build configuration list for PBXNativeTarget "eReaderTests" */ = {
			isa = XCConfigurationList;
			buildConfigurations = (
				A503354B1FD782A500EE0D43 /* Debug */,
				A503354C1FD782A500EE0D43 /* Release */,
			);
			defaultConfigurationIsVisible = 0;
			defaultConfigurationName = Release;
		};
		A503354D1FD782A500EE0D43 /* Build configuration list for PBXNativeTarget "eReaderUITests" */ = {
			isa = XCConfigurationList;
			buildConfigurations = (
				A503354E1FD782A500EE0D43 /* Debug */,
				A503354F1FD782A500EE0D43 /* Release */,
			);
			defaultConfigurationIsVisible = 0;
			defaultConfigurationName = Release;
		};
/* End XCConfigurationList section */
	};
	rootObject = A50335131FD782A500EE0D43 /* Project object */;
}
